PODS:
  - Flutter (1.0.0)
  - flutter_blue (0.0.1):
    - Flutter
    - Protobuf
  - Protobuf (3.12.0)

DEPENDENCIES:
  - Flutter (from `Flutter`)
  - flutter_blue (from `.symlinks/plugins/flutter_blue/ios`)

SPEC REPOS:
  trunk:
    - Protobuf

EXTERNAL SOURCES:
  Flutter:
    :path: Flutter
  flutter_blue:
    :path: ".symlinks/plugins/flutter_blue/ios"

SPEC CHECKSUMS:
  Flutter: 0e3d915762c693b495b44d77113d4970485de6ec
  flutter_blue: 789e6f8ce774259d81a942ef55fcb2be5d4070af
  Protobuf: 2793fcd0622a00b546c60e7cbbcc493e043e9bb9

PODFILE CHECKSUM: 50d3e630749c93e204ed1b6cf9b51eb33e181323

COCOAPODS: 1.9.1
